{
  "name": "paginaViajes",
  "lockfileVersion": 2,
  "requires": true,
  "packages": {
    "": {
      "dependencies": {
        "sweetalert2": "^11.4.6"
      }
    },
    "node_modules/sweetalert2": {
      "version": "11.4.6",
      "resolved": "https://registry.npmjs.org/sweetalert2/-/sweetalert2-11.4.6.tgz",
      "integrity": "sha512-7UDJV8etrJQ6vJGh88k7D63qBKtwEl8JV7zIxmO2Frp8ZGQDgQQC6f9ivqiVwLRxoEyfxsn/v3T6Zykk7/vlEg==",
      "funding": {
        "type": "individual",
        "url": "https://sweetalert2.github.io/#donations"
      }
    }
  },
  "dependencies": {
    "sweetalert2": {
      "version": "11.4.6",
      "resolved": "https://registry.npmjs.org/sweetalert2/-/sweetalert2-11.4.6.tgz",
      "integrity": "sha512-7UDJV8etrJQ6vJGh88k7D63qBKtwEl8JV7zIxmO2Frp8ZGQDgQQC6f9ivqiVwLRxoEyfxsn/v3T6Zykk7/vlEg=="
    }
  }
}
